
Microsoft Visual Studio Solution File, Format Version 12.00
# Visual Studio 15
VisualStudioVersion = 15.0.26228.12
MinimumVisualStudioVersion = 10.0.40219.1
Project("{FAE04EC0-301F-11D3-BF4B-00C04F79EFBC}") = "RhinoXPanelWin", "RhinoXPanel\RhinoXPanelWin.csproj", "{2C915018-9794-46B7-B462-3F3834B23AE4}"
EndProject
Project("{FAE04EC0-301F-11D3-BF4B-00C04F79EFBC}") = "RhinoXPanelMac", "RhinoXPanel\RhinoXPanelMac.csproj", "{73661F26-0511-44AA-82DA-EBC319949AFC}"
EndProject
Global
	GlobalSection(SolutionConfigurationPlatforms) = preSolution
		Debug|Any CPU = Debug|Any CPU
		Release|Any CPU = Release|Any CPU
	EndGlobalSection
	GlobalSection(ProjectConfigurationPlatforms) = postSolution
		{2C915018-9794-46B7-B462-3F3834B23AE4}.Debug|Any CPU.ActiveCfg = Debug|Any CPU
		{2C915018-9794-46B7-B462-3F3834B23AE4}.Debug|Any CPU.Build.0 = Debug|Any CPU
		{2C915018-9794-46B7-B462-3F3834B23AE4}.Release|Any CPU.ActiveCfg = Release|Any CPU
		{2C915018-9794-46B7-B462-3F3834B23AE4}.Release|Any CPU.Build.0 = Release|Any CPU
		{73661F26-0511-44AA-82DA-EBC319949AFC}.Debug|Any CPU.ActiveCfg = Debug|Any CPU
		{73661F26-0511-44AA-82DA-EBC319949AFC}.Debug|Any CPU.Build.0 = Debug|Any CPU
		{73661F26-0511-44AA-82DA-EBC319949AFC}.Release|Any CPU.ActiveCfg = Release|Any CPU
		{73661F26-0511-44AA-82DA-EBC319949AFC}.Release|Any CPU.Build.0 = Release|Any CPU
	EndGlobalSection
	GlobalSection(SolutionProperties) = preSolution
		HideSolutionNode = FALSE
	EndGlobalSection
EndGlobal
